
Microsoft Visual Studio Solution File, Format Version 12.00
Project("{FAE04EC0-301F-11D3-BF4B-00C04F79EFBC}") = "Tombatron.Results.Analyzers", "Tombatron.Results.Analyzers\Tombatron.Results.Analyzers\Tombatron.Results.Analyzers.csproj", "{CD38B75C-1D21-41E9-BAE8-F63169211AF2}"
EndProject
Project("{FAE04EC0-301F-11D3-BF4B-00C04F79EFBC}") = "Tombatron.Results.Analyzers.Sample", "Tombatron.Results.Analyzers\Tombatron.Results.Analyzers.Sample\Tombatron.Results.Analyzers.Sample.csproj", "{2C1E7EEF-3E76-4F48-946B-45A91A38BA01}"
EndProject
Project("{FAE04EC0-301F-11D3-BF4B-00C04F79EFBC}") = "Tombatron.Results.Analyzers.Tests", "Tombatron.Results.Analyzers\Tombatron.Results.Analyzers.Tests\Tombatron.Results.Analyzers.Tests.csproj", "{6A6D6F06-F6C8-4851-ADA1-6455F3CA2148}"
EndProject
Project("{FAE04EC0-301F-11D3-BF4B-00C04F79EFBC}") = "Tombatron.Results", "Tombatron.Results\Tombatron.Results.csproj", "{E67D4396-7DA6-4831-B56E-E435CD9956BB}"
EndProject
Project("{FAE04EC0-301F-11D3-BF4B-00C04F79EFBC}") = "Tombatron.Results.All", "Tombatron.Results.All\Tombatron.Results.All.csproj", "{56B9377A-3D74-4802-9ECB-AEA49994181F}"
EndProject
Global
	GlobalSection(SolutionConfigurationPlatforms) = preSolution
		Debug|Any CPU = Debug|Any CPU
		Release|Any CPU = Release|Any CPU
	EndGlobalSection
	GlobalSection(ProjectConfigurationPlatforms) = postSolution
		{CD38B75C-1D21-41E9-BAE8-F63169211AF2}.Debug|Any CPU.ActiveCfg = Debug|Any CPU
		{CD38B75C-1D21-41E9-BAE8-F63169211AF2}.Debug|Any CPU.Build.0 = Debug|Any CPU
		{CD38B75C-1D21-41E9-BAE8-F63169211AF2}.Release|Any CPU.ActiveCfg = Release|Any CPU
		{CD38B75C-1D21-41E9-BAE8-F63169211AF2}.Release|Any CPU.Build.0 = Release|Any CPU
		{2C1E7EEF-3E76-4F48-946B-45A91A38BA01}.Debug|Any CPU.ActiveCfg = Debug|Any CPU
		{2C1E7EEF-3E76-4F48-946B-45A91A38BA01}.Debug|Any CPU.Build.0 = Debug|Any CPU
		{2C1E7EEF-3E76-4F48-946B-45A91A38BA01}.Release|Any CPU.ActiveCfg = Release|Any CPU
		{2C1E7EEF-3E76-4F48-946B-45A91A38BA01}.Release|Any CPU.Build.0 = Release|Any CPU
		{6A6D6F06-F6C8-4851-ADA1-6455F3CA2148}.Debug|Any CPU.ActiveCfg = Debug|Any CPU
		{6A6D6F06-F6C8-4851-ADA1-6455F3CA2148}.Debug|Any CPU.Build.0 = Debug|Any CPU
		{6A6D6F06-F6C8-4851-ADA1-6455F3CA2148}.Release|Any CPU.ActiveCfg = Release|Any CPU
		{6A6D6F06-F6C8-4851-ADA1-6455F3CA2148}.Release|Any CPU.Build.0 = Release|Any CPU
		{E67D4396-7DA6-4831-B56E-E435CD9956BB}.Debug|Any CPU.ActiveCfg = Debug|Any CPU
		{E67D4396-7DA6-4831-B56E-E435CD9956BB}.Debug|Any CPU.Build.0 = Debug|Any CPU
		{E67D4396-7DA6-4831-B56E-E435CD9956BB}.Release|Any CPU.ActiveCfg = Release|Any CPU
		{E67D4396-7DA6-4831-B56E-E435CD9956BB}.Release|Any CPU.Build.0 = Release|Any CPU
		{56B9377A-3D74-4802-9ECB-AEA49994181F}.Debug|Any CPU.ActiveCfg = Debug|Any CPU
		{56B9377A-3D74-4802-9ECB-AEA49994181F}.Debug|Any CPU.Build.0 = Debug|Any CPU
		{56B9377A-3D74-4802-9ECB-AEA49994181F}.Release|Any CPU.ActiveCfg = Release|Any CPU
		{56B9377A-3D74-4802-9ECB-AEA49994181F}.Release|Any CPU.Build.0 = Release|Any CPU
	EndGlobalSection
EndGlobal
